
Microsoft Visual Studio Solution File, Format Version 12.00
# Visual Studio Version 17
VisualStudioVersion = 17.4.33213.308
MinimumVisualStudioVersion = 10.0.40219.1
Project("{9A19103F-16F7-4668-BE54-9A1E7A4F7556}") = "SujaySarma.Data.SqlServer", "SujaySarma.Data.SqlServer.csproj", "{74EEAF4B-BE28-400E-B057-A7ED9E0330F8}"
EndProject
Global
	GlobalSection(SolutionConfigurationPlatforms) = preSolution
		Debug|Any CPU = Debug|Any CPU
		Release|Any CPU = Release|Any CPU
	EndGlobalSection
	GlobalSection(ProjectConfigurationPlatforms) = postSolution
		{74EEAF4B-BE28-400E-B057-A7ED9E0330F8}.Debug|Any CPU.ActiveCfg = Debug|Any CPU
		{74EEAF4B-BE28-400E-B057-A7ED9E0330F8}.Debug|Any CPU.Build.0 = Debug|Any CPU
		{74EEAF4B-BE28-400E-B057-A7ED9E0330F8}.Release|Any CPU.ActiveCfg = Release|Any CPU
		{74EEAF4B-BE28-400E-B057-A7ED9E0330F8}.Release|Any CPU.Build.0 = Release|Any CPU
	EndGlobalSection
	GlobalSection(SolutionProperties) = preSolution
		HideSolutionNode = FALSE
	EndGlobalSection
	GlobalSection(ExtensibilityGlobals) = postSolution
		SolutionGuid = {154E3F72-2B84-4FDC-9F10-F5A0BE8D5BA1}
	EndGlobalSection
EndGlobal
